filippo.io/edwards25519 v1.1.0 h1:FNf4tywRC1HmFuKW5xopWpigGjJKiJSV0Cqo0cJWDaA=
filippo.io/edwards25519 v1.1.0/go.mod h1:BxyFTGdWcka3PhytdK4V28tE5sGfRvvvRV7EaN4VDT4=
github.com/go-sql-driver/mysql v1.9.3 h1:U/N249h2WzJ3Ukj8SowVFjdtZKfu9vlLZxjPXV1aweo=
github.com/go-sql-driver/mysql v1.9.3/go.mod h1:qn46aNg1333BRMNU69Lq93t8du/dwxI64Gl8i5p1WMU=
github.com/hugo-sid/hugo-blog-awesome v1.21.0 h1:cxoeQgJePACmvPKqodDCLyme3iVAeGHm/l+iqyntGL4=
github.com/hugo-sid/hugo-blog-awesome v1.21.0/go.mod h1:3XVERF66wgQpTsruOajS5Swr+uvyTzov1acafNaqm1E=
launchpad.net/gorun v0.0.0-20120610223119-000000000019 h1:LWT6LDXJUG8OzPnAUGnShqZ7C8OjvOMKoLRWnhbpd78=
launchpad.net/gorun v0.0.0-20120610223119-000000000019/go.mod h1:Sez9JjXBK99ccAjI9HL99fRyfn3HwVm3XLrQA+WrN3U=
